// !$*UTF8*$!
{
	archiveVersion = 1;
	classes = {
	};
	objectVersion = 54;
	objects = {

/* Begin PBXAggregateTarget section */
		50310A8A1F99DFA500D36CE1 /* Version Header File Generation */ = {
			isa = PBXAggregateTarget;
			buildConfigurationList = 50310A8B1F99DFA500D36CE1 /* Build configuration list for PBXAggregateTarget "Version Header File Generation" */;
			buildPhases = (
				50310A8E1F99DFAE00D36CE1 /* Generate Versions Header */,
			);
			dependencies = (
			);
			name = "Version Header File Generation";
			productName = "Version Header File Generation";
		};
/* End PBXAggregateTarget section */

/* Begin PBXBuildFile section */
		50310A481F99D98500D36CE1 /* StopKit.h in Headers */ = {isa = PBXBuildFile; fileRef = 50310A461F99D98500D36CE1 /* StopKit.h */; settings = {ATTRIBUTES = (Public, ); }; };
		50310A501F99DA6900D36CE1 /* CBLUniversalPropertyValue.h in Headers */ = {isa = PBXBuildFile; fileRef = 50310A4F1F99DA6900D36CE1 /* CBLUniversalPropertyValue.h */; settings = {ATTRIBUTES = (Public, ); }; };
		50310A561F99DA7D00D36CE1 /* CBLAutoISOValue.h in Headers */ = {isa = PBXBuildFile; fileRef = 50310A521F99DA7D00D36CE1 /* CBLAutoISOValue.h */; settings = {ATTRIBUTES = (Public, ); }; };
		50310A571F99DA7D00D36CE1 /* CBLAutoISOValue.m in Sources */ = {isa = PBXBuildFile; fileRef = 50310A531F99DA7D00D36CE1 /* CBLAutoISOValue.m */; };
		50310A581F99DA7D00D36CE1 /* CBLISOValue.h in Headers */ = {isa = PBXBuildFile; fileRef = 50310A541F99DA7D00D36CE1 /* CBLISOValue.h */; settings = {ATTRIBUTES = (Public, ); }; };
		50310A591F99DA7D00D36CE1 /* CBLISOValue.m in Sources */ = {isa = PBXBuildFile; fileRef = 50310A551F99DA7D00D36CE1 /* CBLISOValue.m */; };
		50310A5D1F99DA9800D36CE1 /* CBLShutterSpeedValue.h in Headers */ = {isa = PBXBuildFile; fileRef = 50310A5B1F99DA9800D36CE1 /* CBLShutterSpeedValue.h */; settings = {ATTRIBUTES = (Public, ); }; };
		50310A5E1F99DA9800D36CE1 /* CBLShutterSpeedValue.m in Sources */ = {isa = PBXBuildFile; fileRef = 50310A5C1F99DA9800D36CE1 /* CBLShutterSpeedValue.m */; };
		50310A611F99DAAD00D36CE1 /* CBLIndeterminateShutterSpeedValue.m in Sources */ = {isa = PBXBuildFile; fileRef = 50310A5F1F99DAAD00D36CE1 /* CBLIndeterminateShutterSpeedValue.m */; };
		50310A621F99DAAD00D36CE1 /* CBLIndeterminateShutterSpeedValue.h in Headers */ = {isa = PBXBuildFile; fileRef = 50310A601F99DAAD00D36CE1 /* CBLIndeterminateShutterSpeedValue.h */; settings = {ATTRIBUTES = (Public, ); }; };
		50310A681F99DABC00D36CE1 /* CBLApertureValue.m in Sources */ = {isa = PBXBuildFile; fileRef = 50310A641F99DABC00D36CE1 /* CBLApertureValue.m */; };
		50310A691F99DABC00D36CE1 /* CBLApertureValue.h in Headers */ = {isa = PBXBuildFile; fileRef = 50310A651F99DABC00D36CE1 /* CBLApertureValue.h */; settings = {ATTRIBUTES = (Public, ); }; };
		50310A6A1F99DABC00D36CE1 /* CBLAutoApertureValue.h in Headers */ = {isa = PBXBuildFile; fileRef = 50310A661F99DABC00D36CE1 /* CBLAutoApertureValue.h */; settings = {ATTRIBUTES = (Public, ); }; };
		50310A6B1F99DABC00D36CE1 /* CBLAutoApertureValue.m in Sources */ = {isa = PBXBuildFile; fileRef = 50310A671F99DABC00D36CE1 /* CBLAutoApertureValue.m */; };
		50310A6F1F99DAD400D36CE1 /* CBLExposureCompensationValue.m in Sources */ = {isa = PBXBuildFile; fileRef = 50310A6D1F99DAD400D36CE1 /* CBLExposureCompensationValue.m */; };
		50310A701F99DAD400D36CE1 /* CBLExposureCompensationValue.h in Headers */ = {isa = PBXBuildFile; fileRef = 50310A6E1F99DAD400D36CE1 /* CBLExposureCompensationValue.h */; settings = {ATTRIBUTES = (Public, ); }; };
		50310A731F99DB0F00D36CE1 /* CBLExposureStops.h in Headers */ = {isa = PBXBuildFile; fileRef = 50310A711F99DB0F00D36CE1 /* CBLExposureStops.h */; settings = {ATTRIBUTES = (Public, ); }; };
		50310A741F99DB0F00D36CE1 /* CBLExposureStops.m in Sources */ = {isa = PBXBuildFile; fileRef = 50310A721F99DB0F00D36CE1 /* CBLExposureStops.m */; };
		50310A791F99DCFC00D36CE1 /* UniversalExposureCompensations.strings in Resources */ = {isa = PBXBuildFile; fileRef = 50310A7B1F99DCFC00D36CE1 /* UniversalExposureCompensations.strings */; };
		50310A7F1F99DD5D00D36CE1 /* UniversalShutterSpeeds.strings in Resources */ = {isa = PBXBuildFile; fileRef = 50310A811F99DD5D00D36CE1 /* UniversalShutterSpeeds.strings */; };
		50310A851F99DD7400D36CE1 /* UniversalISOValues.strings in Resources */ = {isa = PBXBuildFile; fileRef = 50310A871F99DD7400D36CE1 /* UniversalISOValues.strings */; };
		50FA45AF2876CC7D00D5C4E1 /* StopKitTests.swift in Sources */ = {isa = PBXBuildFile; fileRef = 50FA45AE2876CC7D00D5C4E1 /* StopKitTests.swift */; };
/* End PBXBuildFile section */

/* Begin PBXContainerItemProxy section */
		50310A8F1F99DFC700D36CE1 /* PBXContainerItemProxy */ = {
			isa = PBXContainerItemProxy;
			containerPortal = 50310A3A1F99D98500D36CE1 /* Project object */;
			proxyType = 1;
			remoteGlobalIDString = 50310A8A1F99DFA500D36CE1;
			remoteInfo = "Version Header File Generation";
		};
		ABCD53A32B7BD76700E2F176 /* PBXContainerItemProxy */ = {
			isa = PBXContainerItemProxy;
			containerPortal = 50310A3A1F99D98500D36CE1 /* Project object */;
			proxyType = 1;
			remoteGlobalIDString = 50310A421F99D98500D36CE1;
			remoteInfo = StopKit;
		};
/* End PBXContainerItemProxy section */

/* Begin PBXFileReference section */
		50310A431F99D98500D36CE1 /* StopKit.framework */ = {isa = PBXFileReference; explicitFileType = wrapper.framework; includeInIndex = 0; path = StopKit.framework; sourceTree = BUILT_PRODUCTS_DIR; };
		50310A461F99D98500D36CE1 /* StopKit.h */ = {isa = PBXFileReference; lastKnownFileType = sourcecode.c.h; path = StopKit.h; sourceTree = "<group>"; };
		50310A4F1F99DA6900D36CE1 /* CBLUniversalPropertyValue.h */ = {isa = PBXFileReference; fileEncoding = 4; lastKnownFileType = sourcecode.c.h; path = CBLUniversalPropertyValue.h; sourceTree = "<group>"; };
		50310A521F99DA7D00D36CE1 /* CBLAutoISOValue.h */ = {isa = PBXFileReference; fileEncoding = 4; lastKnownFileType = sourcecode.c.h; path = CBLAutoISOValue.h; sourceTree = "<group>"; };
		50310A531F99DA7D00D36CE1 /* CBLAutoISOValue.m */ = {isa = PBXFileReference; fileEncoding = 4; lastKnownFileType = sourcecode.c.objc; path = CBLAutoISOValue.m; sourceTree = "<group>"; };
		50310A541F99DA7D00D36CE1 /* CBLISOValue.h */ = {isa = PBXFileReference; fileEncoding = 4; lastKnownFileType = sourcecode.c.h; path = CBLISOValue.h; sourceTree = "<group>"; };
		50310A551F99DA7D00D36CE1 /* CBLISOValue.m */ = {isa = PBXFileReference; fileEncoding = 4; lastKnownFileType = sourcecode.c.objc; path = CBLISOValue.m; sourceTree = "<group>"; };
		50310A5B1F99DA9800D36CE1 /* CBLShutterSpeedValue.h */ = {isa = PBXFileReference; fileEncoding = 4; lastKnownFileType = sourcecode.c.h; path = CBLShutterSpeedValue.h; sourceTree = "<group>"; };
		50310A5C1F99DA9800D36CE1 /* CBLShutterSpeedValue.m */ = {isa = PBXFileReference; fileEncoding = 4; lastKnownFileType = sourcecode.c.objc; path = CBLShutterSpeedValue.m; sourceTree = "<group>"; };
		50310A5F1F99DAAD00D36CE1 /* CBLIndeterminateShutterSpeedValue.m */ = {isa = PBXFileReference; fileEncoding = 4; lastKnownFileType = sourcecode.c.objc; path = CBLIndeterminateShutterSpeedValue.m; sourceTree = "<group>"; };
		50310A601F99DAAD00D36CE1 /* CBLIndeterminateShutterSpeedValue.h */ = {isa = PBXFileReference; fileEncoding = 4; lastKnownFileType = sourcecode.c.h; path = CBLIndeterminateShutterSpeedValue.h; sourceTree = "<group>"; };
		50310A641F99DABC00D36CE1 /* CBLApertureValue.m */ = {isa = PBXFileReference; fileEncoding = 4; lastKnownFileType = sourcecode.c.objc; path = CBLApertureValue.m; sourceTree = "<group>"; };
		50310A651F99DABC00D36CE1 /* CBLApertureValue.h */ = {isa = PBXFileReference; fileEncoding = 4; lastKnownFileType = sourcecode.c.h; path = CBLApertureValue.h; sourceTree = "<group>"; };
		50310A661F99DABC00D36CE1 /* CBLAutoApertureValue.h */ = {isa = PBXFileReference; fileEncoding = 4; lastKnownFileType = sourcecode.c.h; path = CBLAutoApertureValue.h; sourceTree = "<group>"; };
		50310A671F99DABC00D36CE1 /* CBLAutoApertureValue.m */ = {isa = PBXFileReference; fileEncoding = 4; lastKnownFileType = sourcecode.c.objc; path = CBLAutoApertureValue.m; sourceTree = "<group>"; };
		50310A6D1F99DAD400D36CE1 /* CBLExposureCompensationValue.m */ = {isa = PBXFileReference; fileEncoding = 4; lastKnownFileType = sourcecode.c.objc; path = CBLExposureCompensationValue.m; sourceTree = "<group>"; };
		50310A6E1F99DAD400D36CE1 /* CBLExposureCompensationValue.h */ = {isa = PBXFileReference; fileEncoding = 4; lastKnownFileType = sourcecode.c.h; path = CBLExposureCompensationValue.h; sourceTree = "<group>"; };
		50310A711F99DB0F00D36CE1 /* CBLExposureStops.h */ = {isa = PBXFileReference; fileEncoding = 4; lastKnownFileType = sourcecode.c.h; path = CBLExposureStops.h; sourceTree = "<group>"; };
		50310A721F99DB0F00D36CE1 /* CBLExposureStops.m */ = {isa = PBXFileReference; fileEncoding = 4; lastKnownFileType = sourcecode.c.objc; path = CBLExposureStops.m; sourceTree = "<group>"; };
		50310A751F99DB8A00D36CE1 /* StopKit+Internal.h */ = {isa = PBXFileReference; lastKnownFileType = sourcecode.c.h; path = "StopKit+Internal.h"; sourceTree = "<group>"; };
		50310A7A1F99DCFC00D36CE1 /* en */ = {isa = PBXFileReference; lastKnownFileType = text.plist.strings; name = en; path = en.lproj/UniversalExposureCompensations.strings; sourceTree = "<group>"; };
		50310A7C1F99DD2900D36CE1 /* de */ = {isa = PBXFileReference; lastKnownFileType = text.plist.strings; name = de; path = de.lproj/UniversalExposureCompensations.strings; sourceTree = "<group>"; };
		50310A801F99DD5D00D36CE1 /* en */ = {isa = PBXFileReference; lastKnownFileType = text.plist.strings; name = en; path = en.lproj/UniversalShutterSpeeds.strings; sourceTree = "<group>"; };
		50310A821F99DD5F00D36CE1 /* de */ = {isa = PBXFileReference; lastKnownFileType = text.plist.strings; name = de; path = de.lproj/UniversalShutterSpeeds.strings; sourceTree = "<group>"; };
		50310A861F99DD7400D36CE1 /* en */ = {isa = PBXFileReference; lastKnownFileType = text.plist.strings; name = en; path = en.lproj/UniversalISOValues.strings; sourceTree = "<group>"; };
		50310A881F99DD7600D36CE1 /* de */ = {isa = PBXFileReference; lastKnownFileType = text.plist.strings; name = de; path = de.lproj/UniversalISOValues.strings; sourceTree = "<group>"; };
		50C0F1C41F99EEFA004A9162 /* README.md */ = {isa = PBXFileReference; lastKnownFileType = net.daringfireball.markdown; path = README.md; sourceTree = "<group>"; };
		50FA45AC2876CC7D00D5C4E1 /* StopKitTests.xctest */ = {isa = PBXFileReference; explicitFileType = wrapper.cfbundle; includeInIndex = 0; path = StopKitTests.xctest; sourceTree = BUILT_PRODUCTS_DIR; };
		50FA45AE2876CC7D00D5C4E1 /* StopKitTests.swift */ = {isa = PBXFileReference; lastKnownFileType = sourcecode.swift; path = StopKitTests.swift; sourceTree = "<group>"; };
/* End PBXFileReference section */

/* Begin PBXFrameworksBuildPhase section */
		50310A3F1F99D98500D36CE1 /* Frameworks */ = {
			isa = PBXFrameworksBuildPhase;
			buildActionMask = 2147483647;
			files = (
			);
			runOnlyForDeploymentPostprocessing = 0;
		};
		50FA45A92876CC7D00D5C4E1 /* Frameworks */ = {
			isa = PBXFrameworksBuildPhase;
			buildActionMask = 2147483647;
			files = (
			);
			runOnlyForDeploymentPostprocessing = 0;
		};
/* End PBXFrameworksBuildPhase section */

/* Begin PBXGroup section */
		50310A391F99D98500D36CE1 = {
			isa = PBXGroup;
			children = (
				50C0F1C41F99EEFA004A9162 /* README.md */,
				50310A451F99D98500D36CE1 /* StopKit */,
				50FA45AD2876CC7D00D5C4E1 /* StopKitTests */,
				50310A441F99D98500D36CE1 /* Products */,
			);
			sourceTree = "<group>";
		};
		50310A441F99D98500D36CE1 /* Products */ = {
			isa = PBXGroup;
			children = (
				50310A431F99D98500D36CE1 /* StopKit.framework */,
				50FA45AC2876CC7D00D5C4E1 /* StopKitTests.xctest */,
			);
			name = Products;
			sourceTree = "<group>";
		};
		50310A451F99D98500D36CE1 /* StopKit */ = {
			isa = PBXGroup;
			children = (
				50310A461F99D98500D36CE1 /* StopKit.h */,
				50310A751F99DB8A00D36CE1 /* StopKit+Internal.h */,
				50310A4E1F99DA1A00D36CE1 /* Protocols and Generic Units */,
				50310A6C1F99DAC700D36CE1 /* Exposure Compensation */,
				50310A631F99DAB200D36CE1 /* Aperture */,
				50310A5A1F99DA8000D36CE1 /* Shutter Speed */,
				50310A511F99DA7100D36CE1 /* ISO */,
				50310A761F99DCE900D36CE1 /* Resources */,
			);
			path = StopKit;
			sourceTree = "<group>";
		};
		50310A4E1F99DA1A00D36CE1 /* Protocols and Generic Units */ = {
			isa = PBXGroup;
			children = (
				50310A4F1F99DA6900D36CE1 /* CBLUniversalPropertyValue.h */,
				50310A711F99DB0F00D36CE1 /* CBLExposureStops.h */,
				50310A721F99DB0F00D36CE1 /* CBLExposureStops.m */,
			);
			path = "Protocols and Generic Units";
			sourceTree = "<group>";
		};
		50310A511F99DA7100D36CE1 /* ISO */ = {
			isa = PBXGroup;
			children = (
				50310A541F99DA7D00D36CE1 /* CBLISOValue.h */,
				50310A551F99DA7D00D36CE1 /* CBLISOValue.m */,
				50310A521F99DA7D00D36CE1 /* CBLAutoISOValue.h */,
				50310A531F99DA7D00D36CE1 /* CBLAutoISOValue.m */,
			);
			path = ISO;
			sourceTree = "<group>";
		};
		50310A5A1F99DA8000D36CE1 /* Shutter Speed */ = {
			isa = PBXGroup;
			children = (
				50310A5B1F99DA9800D36CE1 /* CBLShutterSpeedValue.h */,
				50310A5C1F99DA9800D36CE1 /* CBLShutterSpeedValue.m */,
				50310A601F99DAAD00D36CE1 /* CBLIndeterminateShutterSpeedValue.h */,
				50310A5F1F99DAAD00D36CE1 /* CBLIndeterminateShutterSpeedValue.m */,
			);
			path = "Shutter Speed";
			sourceTree = "<group>";
		};
		50310A631F99DAB200D36CE1 /* Aperture */ = {
			isa = PBXGroup;
			children = (
				50310A651F99DABC00D36CE1 /* CBLApertureValue.h */,
				50310A641F99DABC00D36CE1 /* CBLApertureValue.m */,
				50310A661F99DABC00D36CE1 /* CBLAutoApertureValue.h */,
				50310A671F99DABC00D36CE1 /* CBLAutoApertureValue.m */,
			);
			path = Aperture;
			sourceTree = "<group>";
		};
		50310A6C1F99DAC700D36CE1 /* Exposure Compensation */ = {
			isa = PBXGroup;
			children = (
				50310A6E1F99DAD400D36CE1 /* CBLExposureCompensationValue.h */,
				50310A6D1F99DAD400D36CE1 /* CBLExposureCompensationValue.m */,
			);
			path = "Exposure Compensation";
			sourceTree = "<group>";
		};
		50310A761F99DCE900D36CE1 /* Resources */ = {
			isa = PBXGroup;
			children = (
				50310A7B1F99DCFC00D36CE1 /* UniversalExposureCompensations.strings */,
				50310A811F99DD5D00D36CE1 /* UniversalShutterSpeeds.strings */,
				50310A871F99DD7400D36CE1 /* UniversalISOValues.strings */,
			);
			path = Resources;
			sourceTree = "<group>";
		};
		50FA45AD2876CC7D00D5C4E1 /* StopKitTests */ = {
			isa = PBXGroup;
			children = (
				50FA45AE2876CC7D00D5C4E1 /* StopKitTests.swift */,
			);
			path = StopKitTests;
			sourceTree = "<group>";
		};
/* End PBXGroup section */

/* Begin PBXHeadersBuildPhase section */
		50310A401F99D98500D36CE1 /* Headers */ = {
			isa = PBXHeadersBuildPhase;
			buildActionMask = 2147483647;
			files = (
				50310A621F99DAAD00D36CE1 /* CBLIndeterminateShutterSpeedValue.h in Headers */,
				50310A581F99DA7D00D36CE1 /* CBLISOValue.h in Headers */,
				50310A481F99D98500D36CE1 /* StopKit.h in Headers */,
				50310A6A1F99DABC00D36CE1 /* CBLAutoApertureValue.h in Headers */,
				50310A5D1F99DA9800D36CE1 /* CBLShutterSpeedValue.h in Headers */,
				50310A731F99DB0F00D36CE1 /* CBLExposureStops.h in Headers */,
				50310A501F99DA6900D36CE1 /* CBLUniversalPropertyValue.h in Headers */,
				50310A561F99DA7D00D36CE1 /* CBLAutoISOValue.h in Headers */,
				50310A701F99DAD400D36CE1 /* CBLExposureCompensationValue.h in Headers */,
				50310A691F99DABC00D36CE1 /* CBLApertureValue.h in Headers */,
			);
			runOnlyForDeploymentPostprocessing = 0;
		};
/* End PBXHeadersBuildPhase section */

/* Begin PBXNativeTarget section */
		50310A421F99D98500D36CE1 /* StopKit */ = {
			isa = PBXNativeTarget;
			buildConfigurationList = 50310A4B1F99D98500D36CE1 /* Build configuration list for PBXNativeTarget "StopKit" */;
			buildPhases = (
				50310A3E1F99D98500D36CE1 /* Sources */,
				50310A3F1F99D98500D36CE1 /* Frameworks */,
				50310A401F99D98500D36CE1 /* Headers */,
				50310A411F99D98500D36CE1 /* Resources */,
			);
			buildRules = (
			);
			dependencies = (
				50310A901F99DFC700D36CE1 /* PBXTargetDependency */,
			);
			name = StopKit;
			productName = StopKit;
			productReference = 50310A431F99D98500D36CE1 /* StopKit.framework */;
			productType = "com.apple.product-type.framework";
		};
		50FA45AB2876CC7D00D5C4E1 /* StopKitTests */ = {
			isa = PBXNativeTarget;
			buildConfigurationList = 50FA45B32876CC7D00D5C4E1 /* Build configuration list for PBXNativeTarget "StopKitTests" */;
			buildPhases = (
				50FA45A82876CC7D00D5C4E1 /* Sources */,
				50FA45A92876CC7D00D5C4E1 /* Frameworks */,
				50FA45AA2876CC7D00D5C4E1 /* Resources */,
			);
			buildRules = (
			);
			dependencies = (
				ABCD53A42B7BD76700E2F176 /* PBXTargetDependency */,
			);
			name = StopKitTests;
			productName = StopKitTests;
			productReference = 50FA45AC2876CC7D00D5C4E1 /* StopKitTests.xctest */;
			productType = "com.apple.product-type.bundle.unit-test";
		};
/* End PBXNativeTarget section */

/* Begin PBXProject section */
		50310A3A1F99D98500D36CE1 /* Project object */ = {
			isa = PBXProject;
			attributes = {
				LastSwiftUpdateCheck = 1340;
				LastUpgradeCheck = 1510;
				ORGANIZATIONNAME = "Cascable AB";
				TargetAttributes = {
					50310A421F99D98500D36CE1 = {
						CreatedOnToolsVersion = 9.0.1;
						ProvisioningStyle = Manual;
					};
					50310A8A1F99DFA500D36CE1 = {
						CreatedOnToolsVersion = 9.0.1;
						ProvisioningStyle = Automatic;
					};
					50FA45AB2876CC7D00D5C4E1 = {
						CreatedOnToolsVersion = 13.4;
						ProvisioningStyle = Automatic;
					};
				};
			};
			buildConfigurationList = 50310A3D1F99D98500D36CE1 /* Build configuration list for PBXProject "StopKit" */;
			compatibilityVersion = "Xcode 8.0";
			developmentRegion = en;
			hasScannedForEncodings = 0;
			knownRegions = (
				en,
				de,
				Base,
			);
			mainGroup = 50310A391F99D98500D36CE1;
			productRefGroup = 50310A441F99D98500D36CE1 /* Products */;
			projectDirPath = "";
			projectRoot = "";
			targets = (
				50310A421F99D98500D36CE1 /* StopKit */,
				50310A8A1F99DFA500D36CE1 /* Version Header File Generation */,
				50FA45AB2876CC7D00D5C4E1 /* StopKitTests */,
			);
		};
/* End PBXProject section */

/* Begin PBXResourcesBuildPhase section */
		50310A411F99D98500D36CE1 /* Resources */ = {
			isa = PBXResourcesBuildPhase;
			buildActionMask = 2147483647;
			files = (
				50310A7F1F99DD5D00D36CE1 /* UniversalShutterSpeeds.strings in Resources */,
				50310A791F99DCFC00D36CE1 /* UniversalExposureCompensations.strings in Resources */,
				50310A851F99DD7400D36CE1 /* UniversalISOValues.strings in Resources */,
			);
			runOnlyForDeploymentPostprocessing = 0;
		};
		50FA45AA2876CC7D00D5C4E1 /* Resources */ = {
			isa = PBXResourcesBuildPhase;
			buildActionMask = 2147483647;
			files = (
			);
			runOnlyForDeploymentPostprocessing = 0;
		};
/* End PBXResourcesBuildPhase section */

/* Begin PBXShellScriptBuildPhase section */
		50310A8E1F99DFAE00D36CE1 /* Generate Versions Header */ = {
			isa = PBXShellScriptBuildPhase;
			alwaysOutOfDate = 1;
			buildActionMask = 2147483647;
			files = (
			);
			inputFileListPaths = (
			);
			inputPaths = (
			);
			name = "Generate Versions Header";
			outputPaths = (
				"$(BUILD_DIR)/CBLStopKitVersions.h",
			);
			runOnlyForDeploymentPostprocessing = 0;
			shellPath = /bin/sh;
			shellScript = "GIT_RELEASE_VERSION=$(git describe --tags --always --dirty --long)\nGIT_RELEASE_VERSION=${GIT_RELEASE_VERSION/-0-/-}\n\nCOMMITS=$(git rev-list HEAD | wc -l)\nCOMMITS=$(($COMMITS))\n\nmkdir -p \"$BUILD_DIR\"\n\necho \"#define CBL_STOPKIT_VERBOSE_VERSION ${GIT_RELEASE_VERSION#*v}\" > \"$BUILD_DIR/CBLStopKitVersions.h\"\necho \"#define CBL_STOPKIT_BUNDLE_VERSION ${COMMITS}\" >> \"$BUILD_DIR/CBLStopKitVersions.h\"\n\ndefaults write \"$BUILD_DIR/CBLStopKitVersions.plist\" CBLVerboseVersionString \"${GIT_RELEASE_VERSION#*v}\"\ndefaults write \"$BUILD_DIR/CBLStopKitVersions.plist\" CFBundleVersion \"${COMMITS}\"\n\necho \"Written to $BUILD_DIR/CBLStopKitVersions.h\"\n";
		};
/* End PBXShellScriptBuildPhase section */

/* Begin PBXSourcesBuildPhase section */
		50310A3E1F99D98500D36CE1 /* Sources */ = {
			isa = PBXSourcesBuildPhase;
			buildActionMask = 2147483647;
			files = (
				50310A681F99DABC00D36CE1 /* CBLApertureValue.m in Sources */,
				50310A571F99DA7D00D36CE1 /* CBLAutoISOValue.m in Sources */,
				50310A741F99DB0F00D36CE1 /* CBLExposureStops.m in Sources */,
				50310A611F99DAAD00D36CE1 /* CBLIndeterminateShutterSpeedValue.m in Sources */,
				50310A5E1F99DA9800D36CE1 /* CBLShutterSpeedValue.m in Sources */,
				50310A6B1F99DABC00D36CE1 /* CBLAutoApertureValue.m in Sources */,
				50310A6F1F99DAD400D36CE1 /* CBLExposureCompensationValue.m in Sources */,
				50310A591F99DA7D00D36CE1 /* CBLISOValue.m in Sources */,
			);
			runOnlyForDeploymentPostprocessing = 0;
		};
		50FA45A82876CC7D00D5C4E1 /* Sources */ = {
			isa = PBXSourcesBuildPhase;
			buildActionMask = 2147483647;
			files = (
				50FA45AF2876CC7D00D5C4E1 /* StopKitTests.swift in Sources */,
			);
			runOnlyForDeploymentPostprocessing = 0;
		};
/* End PBXSourcesBuildPhase section */

/* Begin PBXTargetDependency section */
		50310A901F99DFC700D36CE1 /* PBXTargetDependency */ = {
			isa = PBXTargetDependency;
			target = 50310A8A1F99DFA500D36CE1 /* Version Header File Generation */;
			targetProxy = 50310A8F1F99DFC700D36CE1 /* PBXContainerItemProxy */;
		};
		ABCD53A42B7BD76700E2F176 /* PBXTargetDependency */ = {
			isa = PBXTargetDependency;
			target = 50310A421F99D98500D36CE1 /* StopKit */;
			targetProxy = ABCD53A32B7BD76700E2F176 /* PBXContainerItemProxy */;
		};
/* End PBXTargetDependency section */

/* Begin PBXVariantGroup section */
		50310A7B1F99DCFC00D36CE1 /* UniversalExposureCompensations.strings */ = {
			isa = PBXVariantGroup;
			children = (
				50310A7A1F99DCFC00D36CE1 /* en */,
				50310A7C1F99DD2900D36CE1 /* de */,
			);
			name = UniversalExposureCompensations.strings;
			sourceTree = "<group>";
		};
		50310A811F99DD5D00D36CE1 /* UniversalShutterSpeeds.strings */ = {
			isa = PBXVariantGroup;
			children = (
				50310A801F99DD5D00D36CE1 /* en */,
				50310A821F99DD5F00D36CE1 /* de */,
			);
			name = UniversalShutterSpeeds.strings;
			sourceTree = "<group>";
		};
		50310A871F99DD7400D36CE1 /* UniversalISOValues.strings */ = {
			isa = PBXVariantGroup;
			children = (
				50310A861F99DD7400D36CE1 /* en */,
				50310A881F99DD7600D36CE1 /* de */,
			);
			name = UniversalISOValues.strings;
			sourceTree = "<group>";
		};
/* End PBXVariantGroup section */

/* Begin XCBuildConfiguration section */
		50310A491F99D98500D36CE1 /* Debug */ = {
			isa = XCBuildConfiguration;
			buildSettings = {
				ALWAYS_SEARCH_USER_PATHS = NO;
				CLANG_ANALYZER_LOCALIZABILITY_NONLOCALIZED = YES;
				CLANG_ANALYZER_NONNULL = YES;
				CLANG_ANALYZER_NUMBER_OBJECT_CONVERSION = YES_AGGRESSIVE;
				CLANG_CXX_LANGUAGE_STANDARD = "gnu++14";
				CLANG_CXX_LIBRARY = "libc++";
				CLANG_ENABLE_MODULES = YES;
				CLANG_ENABLE_OBJC_ARC = YES;
				CLANG_WARN_BLOCK_CAPTURE_AUTORELEASING = YES;
				CLANG_WARN_BOOL_CONVERSION = YES;
				CLANG_WARN_COMMA = YES;
				CLANG_WARN_CONSTANT_CONVERSION = YES;
				CLANG_WARN_DEPRECATED_OBJC_IMPLEMENTATIONS = YES;
				CLANG_WARN_DIRECT_OBJC_ISA_USAGE = YES_ERROR;
				CLANG_WARN_DOCUMENTATION_COMMENTS = YES;
				CLANG_WARN_EMPTY_BODY = YES;
				CLANG_WARN_ENUM_CONVERSION = YES;
				CLANG_WARN_INFINITE_RECURSION = YES;
				CLANG_WARN_INT_CONVERSION = YES;
				CLANG_WARN_NON_LITERAL_NULL_CONVERSION = YES;
				CLANG_WARN_OBJC_IMPLICIT_RETAIN_SELF = YES;
				CLANG_WARN_OBJC_LITERAL_CONVERSION = YES;
				CLANG_WARN_OBJC_ROOT_CLASS = YES_ERROR;
				CLANG_WARN_QUOTED_INCLUDE_IN_FRAMEWORK_HEADER = YES;
				CLANG_WARN_RANGE_LOOP_ANALYSIS = YES;
				CLANG_WARN_STRICT_PROTOTYPES = YES;
				CLANG_WARN_SUSPICIOUS_MOVE = YES;
				CLANG_WARN_UNGUARDED_AVAILABILITY = YES_AGGRESSIVE;
				CLANG_WARN_UNREACHABLE_CODE = YES;
				CLANG_WARN__DUPLICATE_METHOD_MATCH = YES;
				CODE_SIGN_IDENTITY = "iPhone Developer";
				COPY_PHASE_STRIP = NO;
				CURRENT_PROJECT_VERSION = 1;
				DEBUG_INFORMATION_FORMAT = dwarf;
				ENABLE_STRICT_OBJC_MSGSEND = YES;
				ENABLE_TESTABILITY = YES;
				GCC_C_LANGUAGE_STANDARD = gnu11;
				GCC_DYNAMIC_NO_PIC = NO;
				GCC_NO_COMMON_BLOCKS = YES;
				GCC_OPTIMIZATION_LEVEL = 0;
				GCC_PREPROCESSOR_DEFINITIONS = (
					"DEBUG=1",
					"$(inherited)",
				);
				GCC_WARN_64_TO_32_BIT_CONVERSION = YES;
				GCC_WARN_ABOUT_RETURN_TYPE = YES_ERROR;
				GCC_WARN_UNDECLARED_SELECTOR = YES;
				GCC_WARN_UNINITIALIZED_AUTOS = YES_AGGRESSIVE;
				GCC_WARN_UNUSED_FUNCTION = YES;
				GCC_WARN_UNUSED_VARIABLE = YES;
				IPHONEOS_DEPLOYMENT_TARGET = 12.0;
				MACOSX_DEPLOYMENT_TARGET = 10.13;
				MARKETING_VERSION = 1.1.6;
				MTL_ENABLE_DEBUG_INFO = YES;
				ONLY_ACTIVE_ARCH = YES;
				SDKROOT = iphoneos;
				VERSIONING_SYSTEM = "apple-generic";
				VERSION_INFO_PREFIX = "";
			};
			name = Debug;
		};
		50310A4A1F99D98500D36CE1 /* Release */ = {
			isa = XCBuildConfiguration;
			buildSettings = {
				ALWAYS_SEARCH_USER_PATHS = NO;
				CLANG_ANALYZER_LOCALIZABILITY_NONLOCALIZED = YES;
				CLANG_ANALYZER_NONNULL = YES;
				CLANG_ANALYZER_NUMBER_OBJECT_CONVERSION = YES_AGGRESSIVE;
				CLANG_CXX_LANGUAGE_STANDARD = "gnu++14";
				CLANG_CXX_LIBRARY = "libc++";
				CLANG_ENABLE_MODULES = YES;
				CLANG_ENABLE_OBJC_ARC = YES;
				CLANG_WARN_BLOCK_CAPTURE_AUTORELEASING = YES;
				CLANG_WARN_BOOL_CONVERSION = YES;
				CLANG_WARN_COMMA = YES;
				CLANG_WARN_CONSTANT_CONVERSION = YES;
				CLANG_WARN_DEPRECATED_OBJC_IMPLEMENTATIONS = YES;
				CLANG_WARN_DIRECT_OBJC_ISA_USAGE = YES_ERROR;
				CLANG_WARN_DOCUMENTATION_COMMENTS = YES;
				CLANG_WARN_EMPTY_BODY = YES;
				CLANG_WARN_ENUM_CONVERSION = YES;
				CLANG_WARN_INFINITE_RECURSION = YES;
				CLANG_WARN_INT_CONVERSION = YES;
				CLANG_WARN_NON_LITERAL_NULL_CONVERSION = YES;
				CLANG_WARN_OBJC_IMPLICIT_RETAIN_SELF = YES;
				CLANG_WARN_OBJC_LITERAL_CONVERSION = YES;
				CLANG_WARN_OBJC_ROOT_CLASS = YES_ERROR;
				CLANG_WARN_QUOTED_INCLUDE_IN_FRAMEWORK_HEADER = YES;
				CLANG_WARN_RANGE_LOOP_ANALYSIS = YES;
				CLANG_WARN_STRICT_PROTOTYPES = YES;
				CLANG_WARN_SUSPICIOUS_MOVE = YES;
				CLANG_WARN_UNGUARDED_AVAILABILITY = YES_AGGRESSIVE;
				CLANG_WARN_UNREACHABLE_CODE = YES;
				CLANG_WARN__DUPLICATE_METHOD_MATCH = YES;
				CODE_SIGN_IDENTITY = "iPhone Developer";
				COPY_PHASE_STRIP = NO;
				CURRENT_PROJECT_VERSION = 1;
				DEBUG_INFORMATION_FORMAT = "dwarf-with-dsym";
				ENABLE_NS_ASSERTIONS = NO;
				ENABLE_STRICT_OBJC_MSGSEND = YES;
				GCC_C_LANGUAGE_STANDARD = gnu11;
				GCC_NO_COMMON_BLOCKS = YES;
				GCC_WARN_64_TO_32_BIT_CONVERSION = YES;
				GCC_WARN_ABOUT_RETURN_TYPE = YES_ERROR;
				GCC_WARN_UNDECLARED_SELECTOR = YES;
				GCC_WARN_UNINITIALIZED_AUTOS = YES_AGGRESSIVE;
				GCC_WARN_UNUSED_FUNCTION = YES;
				GCC_WARN_UNUSED_VARIABLE = YES;
				IPHONEOS_DEPLOYMENT_TARGET = 12.0;
				MACOSX_DEPLOYMENT_TARGET = 10.13;
				MARKETING_VERSION = 1.1.6;
				MTL_ENABLE_DEBUG_INFO = NO;
				SDKROOT = iphoneos;
				VALIDATE_PRODUCT = YES;
				VERSIONING_SYSTEM = "apple-generic";
				VERSION_INFO_PREFIX = "";
			};
			name = Release;
		};
		50310A4C1F99D98500D36CE1 /* Debug */ = {
			isa = XCBuildConfiguration;
			buildSettings = {
				APPLICATION_EXTENSION_API_ONLY = YES;
				CODE_SIGN_IDENTITY = "";
				CODE_SIGN_STYLE = Manual;
				DEFINES_MODULE = YES;
				DEVELOPMENT_TEAM = "";
				DYLIB_COMPATIBILITY_VERSION = 1;
				DYLIB_CURRENT_VERSION = 1;
				DYLIB_INSTALL_NAME_BASE = "@rpath";
				INFOPLIST_FILE = StopKit/Info.plist;
				INFOPLIST_OTHER_PREPROCESSOR_FLAGS = "-traditional";
				INFOPLIST_PREFIX_HEADER = "${BUILD_DIR}/CBLStopKitVersions.h";
				INFOPLIST_PREPROCESS = YES;
				INSTALL_PATH = "$(LOCAL_LIBRARY_DIR)/Frameworks";
				LD_RUNPATH_SEARCH_PATHS = (
					"$(inherited)",
					"@executable_path/Frameworks",
					"@loader_path/Frameworks",
				);
				MACOSX_DEPLOYMENT_TARGET = "$(RECOMMENDED_MACOSX_DEPLOYMENT_TARGET)";
				ONLY_ACTIVE_ARCH = NO;
				PRODUCT_BUNDLE_IDENTIFIER = se.cascable.StopKit;
				PRODUCT_NAME = StopKit;
				PROVISIONING_PROFILE_SPECIFIER = "";
				SKIP_INSTALL = NO;
				SUPPORTED_PLATFORMS = "iphoneos iphonesimulator macosx";
				SUPPORTS_MACCATALYST = YES;
				TARGETED_DEVICE_FAMILY = "1,2";
			};
			name = Debug;
		};
		50310A4D1F99D98500D36CE1 /* Release */ = {
			isa = XCBuildConfiguration;
			buildSettings = {
				APPLICATION_EXTENSION_API_ONLY = YES;
				CODE_SIGN_IDENTITY = "";
				CODE_SIGN_STYLE = Manual;
				DEFINES_MODULE = YES;
				DEVELOPMENT_TEAM = "";
				DYLIB_COMPATIBILITY_VERSION = 1;
				DYLIB_CURRENT_VERSION = 1;
				DYLIB_INSTALL_NAME_BASE = "@rpath";
				INFOPLIST_FILE = StopKit/Info.plist;
				INFOPLIST_OTHER_PREPROCESSOR_FLAGS = "-traditional";
				INFOPLIST_PREFIX_HEADER = "${BUILD_DIR}/CBLStopKitVersions.h";
				INFOPLIST_PREPROCESS = YES;
				INSTALL_PATH = "$(LOCAL_LIBRARY_DIR)/Frameworks";
				LD_RUNPATH_SEARCH_PATHS = (
					"$(inherited)",
					"@executable_path/Frameworks",
					"@loader_path/Frameworks",
				);
				MACOSX_DEPLOYMENT_TARGET = "$(RECOMMENDED_MACOSX_DEPLOYMENT_TARGET)";
				ONLY_ACTIVE_ARCH = NO;
				PRODUCT_BUNDLE_IDENTIFIER = se.cascable.StopKit;
				PRODUCT_NAME = StopKit;
				PROVISIONING_PROFILE_SPECIFIER = "";
				SKIP_INSTALL = NO;
				SUPPORTED_PLATFORMS = "iphoneos iphonesimulator macosx";
				SUPPORTS_MACCATALYST = YES;
				TARGETED_DEVICE_FAMILY = "1,2";
			};
			name = Release;
		};
		50310A8C1F99DFA500D36CE1 /* Debug */ = {
			isa = XCBuildConfiguration;
			buildSettings = {
				CODE_SIGN_STYLE = Automatic;
				DEVELOPMENT_TEAM = EB5BP6YJ4R;
				PRODUCT_NAME = "$(TARGET_NAME)";
			};
			name = Debug;
		};
		50310A8D1F99DFA500D36CE1 /* Release */ = {
			isa = XCBuildConfiguration;
			buildSettings = {
				CODE_SIGN_STYLE = Automatic;
				DEVELOPMENT_TEAM = EB5BP6YJ4R;
				PRODUCT_NAME = "$(TARGET_NAME)";
			};
			name = Release;
		};
		50FA45B42876CC7D00D5C4E1 /* Debug */ = {
			isa = XCBuildConfiguration;
			buildSettings = {
				CLANG_CXX_LANGUAGE_STANDARD = "gnu++17";
				CLANG_ENABLE_OBJC_WEAK = YES;
				CODE_SIGN_STYLE = Automatic;
				CURRENT_PROJECT_VERSION = 1;
				DEVELOPMENT_TEAM = EB5BP6YJ4R;
				GENERATE_INFOPLIST_FILE = YES;
				MACOSX_DEPLOYMENT_TARGET = 12.3;
				MARKETING_VERSION = 1.0;
				MTL_ENABLE_DEBUG_INFO = INCLUDE_SOURCE;
				MTL_FAST_MATH = YES;
				PRODUCT_BUNDLE_IDENTIFIER = se.cascable.StopKitTests;
				PRODUCT_NAME = "$(TARGET_NAME)";
				SDKROOT = macosx;
				SWIFT_ACTIVE_COMPILATION_CONDITIONS = DEBUG;
				SWIFT_EMIT_LOC_STRINGS = NO;
				SWIFT_OPTIMIZATION_LEVEL = "-Onone";
				SWIFT_VERSION = 5.0;
			};
			name = Debug;
		};
		50FA45B52876CC7D00D5C4E1 /* Release */ = {
			isa = XCBuildConfiguration;
			buildSettings = {
				CLANG_CXX_LANGUAGE_STANDARD = "gnu++17";
				CLANG_ENABLE_OBJC_WEAK = YES;
				CODE_SIGN_STYLE = Automatic;
				CURRENT_PROJECT_VERSION = 1;
				DEVELOPMENT_TEAM = EB5BP6YJ4R;
				GENERATE_INFOPLIST_FILE = YES;
				MACOSX_DEPLOYMENT_TARGET = 12.3;
				MARKETING_VERSION = 1.0;
				MTL_FAST_MATH = YES;
				PRODUCT_BUNDLE_IDENTIFIER = se.cascable.StopKitTests;
				PRODUCT_NAME = "$(TARGET_NAME)";
				SDKROOT = macosx;
				SWIFT_COMPILATION_MODE = wholemodule;
				SWIFT_EMIT_LOC_STRINGS = NO;
				SWIFT_OPTIMIZATION_LEVEL = "-O";
				SWIFT_VERSION = 5.0;
			};
			name = Release;
		};
/* End XCBuildConfiguration section */

/* Begin XCConfigurationList section */
		50310A3D1F99D98500D36CE1 /* Build configuration list for PBXProject "StopKit" */ = {
			isa = XCConfigurationList;
			buildConfigurations = (
				50310A491F99D98500D36CE1 /* Debug */,
				50310A4A1F99D98500D36CE1 /* Release */,
			);
			defaultConfigurationIsVisible = 0;
			defaultConfigurationName = Release;
		};
		50310A4B1F99D98500D36CE1 /* Build configuration list for PBXNativeTarget "StopKit" */ = {
			isa = XCConfigurationList;
			buildConfigurations = (
				50310A4C1F99D98500D36CE1 /* Debug */,
				50310A4D1F99D98500D36CE1 /* Release */,
			);
			defaultConfigurationIsVisible = 0;
			defaultConfigurationName = Release;
		};
		50310A8B1F99DFA500D36CE1 /* Build configuration list for PBXAggregateTarget "Version Header File Generation" */ = {
			isa = XCConfigurationList;
			buildConfigurations = (
				50310A8C1F99DFA500D36CE1 /* Debug */,
				50310A8D1F99DFA500D36CE1 /* Release */,
			);
			defaultConfigurationIsVisible = 0;
			defaultConfigurationName = Release;
		};
		50FA45B32876CC7D00D5C4E1 /* Build configuration list for PBXNativeTarget "StopKitTests" */ = {
			isa = XCConfigurationList;
			buildConfigurations = (
				50FA45B42876CC7D00D5C4E1 /* Debug */,
				50FA45B52876CC7D00D5C4E1 /* Release */,
			);
			defaultConfigurationIsVisible = 0;
			defaultConfigurationName = Release;
		};
/* End XCConfigurationList section */
	};
	rootObject = 50310A3A1F99D98500D36CE1 /* Project object */;
}
